{
  "name": "arrpc",
  "version": "3.5.0",
  "lockfileVersion": 3,
  "requires": true,
  "packages": {
    "": {
      "name": "arrpc",
      "version": "3.5.0",
      "license": "MIT",
      "dependencies": {
        "ffi-rs": "^1.2.6",
        "ws": "^8.11.0"
      },
      "bin": {
        "arrpc": "src/index.js"
      }
    },
    "node_modules/@yuuang/ffi-rs-darwin-arm64": {
      "version": "1.2.6",
      "resolved": "https://registry.npmjs.org/@yuuang/ffi-rs-darwin-arm64/-/ffi-rs-darwin-arm64-1.2.6.tgz",
      "integrity": "sha512-5FaKDdROz6ajbcdYiMZSmTR/Kr6Rg6YSn870cTSLG2BboTD+1BAeyjXvjQVdUuWMtsxDAl09RS23359JrlxNAg==",
      "cpu": [
        "arm64"
      ],
      "optional": true,
      "os": [
        "darwin"
      ],
      "engines": {
        "node": ">= 12"
      }
    },
    "node_modules/@yuuang/ffi-rs-darwin-x64": {
      "version": "1.2.6",
      "resolved": "https://registry.npmjs.org/@yuuang/ffi-rs-darwin-x64/-/ffi-rs-darwin-x64-1.2.6.tgz",
      "integrity": "sha512-9gi39Ud3uVbs8z0nYVIk7b6a0z2sZq67G9XS90MRfEH48bNAGBi8sJ5TyP9LbbWdU9sK84VPEpOXFuNfBgw7iA==",
      "cpu": [
        "x64"
      ],
      "optional": true,
      "os": [
        "darwin"
      ],
      "engines": {
        "node": ">= 12"
      }
    },
    "node_modules/@yuuang/ffi-rs-linux-arm-gnueabihf": {
      "version": "1.2.6",
      "resolved": "https://registry.npmjs.org/@yuuang/ffi-rs-linux-arm-gnueabihf/-/ffi-rs-linux-arm-gnueabihf-1.2.6.tgz",
      "integrity": "sha512-n5v5yyWIpjrVVVc3qVukkrINYbtTqTUBESun9EPi0y+zrXIUJhb3kFV5yA2y121ZOiLW2U+SdbcEbgt3TTjYgg==",
      "cpu": [
        "arm"
      ],
      "optional": true,
      "os": [
        "linux"
      ],
      "engines": {
        "node": ">= 12"
      }
    },
    "node_modules/@yuuang/ffi-rs-linux-arm64-gnu": {
      "version": "1.2.6",
      "resolved": "https://registry.npmjs.org/@yuuang/ffi-rs-linux-arm64-gnu/-/ffi-rs-linux-arm64-gnu-1.2.6.tgz",
      "integrity": "sha512-WZ+xmk2uKW3W5BkQKCpOxXrz00Z6M3RwQ0BYoCXwyEXZryiiOHW/NHqI1E90u7P2FGRtJrXt9V7OLeR3N0j8lg==",
      "cpu": [
        "arm64"
      ],
      "optional": true,
      "os": [
        "linux"
      ],
      "engines": {
        "node": ">= 12"
      }
    },
    "node_modules/@yuuang/ffi-rs-linux-arm64-musl": {
      "version": "1.2.6",
      "resolved": "https://registry.npmjs.org/@yuuang/ffi-rs-linux-arm64-musl/-/ffi-rs-linux-arm64-musl-1.2.6.tgz",
      "integrity": "sha512-ec4x/PSLvXdgBNJx+zD5hBTBT7sYcn49RRT3sC7LfYxZf+FpPCHdHlctgbG5IzUF5vgye/i0q9NkBp4E7O0BdQ==",
      "cpu": [
        "arm64"
      ],
      "optional": true,
      "os": [
        "linux"
      ],
      "engines": {
        "node": ">= 12"
      }
    },
    "node_modules/@yuuang/ffi-rs-linux-x64-gnu": {
      "version": "1.2.6",
      "resolved": "https://registry.npmjs.org/@yuuang/ffi-rs-linux-x64-gnu/-/ffi-rs-linux-x64-gnu-1.2.6.tgz",
      "integrity": "sha512-3C6+kex14DGaRtTTJx5jINlREVhg2U5iveoFvxvI9H1TcFjeTyzk1JvF/edrMz65LNGJgP/z44HeBgJ+k0GIXw==",
      "cpu": [
        "x64"
      ],
      "optional": true,
      "os": [
        "linux"
      ],
      "engines": {
        "node": ">= 12"
      }
    },
    "node_modules/@yuuang/ffi-rs-linux-x64-musl": {
      "version": "1.2.6",
      "resolved": "https://registry.npmjs.org/@yuuang/ffi-rs-linux-x64-musl/-/ffi-rs-linux-x64-musl-1.2.6.tgz",
      "integrity": "sha512-Ap0icItMyCUW7CUig/Nx7qPRZtXs2gEjGFCunceoFUs+ZiXo3/PwYXGGLEJUWqGtUDIs3k20S+cjIIcYpEKi3g==",
      "cpu": [
        "x64"
      ],
      "optional": true,
      "os": [
        "linux"
      ],
      "engines": {
        "node": ">= 12"
      }
    },
    "node_modules/@yuuang/ffi-rs-win32-arm64-msvc": {
      "version": "1.2.6",
      "resolved": "https://registry.npmjs.org/@yuuang/ffi-rs-win32-arm64-msvc/-/ffi-rs-win32-arm64-msvc-1.2.6.tgz",
      "integrity": "sha512-J8FQXcWiFOxJqYpsp97log0vr8sGA8KeuALwuPHEMvW/fiJtiN/ZOK8CwEHMcuDuS8U+IKDj05bQ4LuHeGEIKw==",
      "cpu": [
        "arm64"
      ],
      "optional": true,
      "os": [
        "win32"
      ],
      "engines": {
        "node": ">= 12"
      }
    },
    "node_modules/@yuuang/ffi-rs-win32-ia32-msvc": {
      "version": "1.2.6",
      "resolved": "https://registry.npmjs.org/@yuuang/ffi-rs-win32-ia32-msvc/-/ffi-rs-win32-ia32-msvc-1.2.6.tgz",
      "integrity": "sha512-bQGNOlPUhMlrWT+XWPVSR2tItMgoWcrq8TxIaJOXWdqjAhDGySF2abyqeH3COw8CPn6Aebg6ptY1EHRfLH6LIQ==",
      "cpu": [
        "x64",
        "ia32"
      ],
      "optional": true,
      "os": [
        "win32"
      ],
      "engines": {
        "node": ">= 12"
      }
    },
    "node_modules/@yuuang/ffi-rs-win32-x64-msvc": {
      "version": "1.2.6",
      "resolved": "https://registry.npmjs.org/@yuuang/ffi-rs-win32-x64-msvc/-/ffi-rs-win32-x64-msvc-1.2.6.tgz",
      "integrity": "sha512-iSsA9K3z/UQk9WBJ82bPdDDy0017AspWuI3W601sR+UYn4tSGM3hB9Il7PN4D0fGaQarjdLa/Lq3WQOiBDi9eg==",
      "cpu": [
        "x64"
      ],
      "optional": true,
      "os": [
        "win32"
      ],
      "engines": {
        "node": ">= 12"
      }
    },
    "node_modules/ffi-rs": {
      "version": "1.2.6",
      "resolved": "https://registry.npmjs.org/ffi-rs/-/ffi-rs-1.2.6.tgz",
      "integrity": "sha512-YQN2NbBxcCOSUu3CtRU8QctSWxDppfCaCmGZqFV65RlCTacLmHS5xUuAX7cl+8iI+XNz6zTCxk2m2/n5RY4w7g==",
      "optionalDependencies": {
        "@yuuang/ffi-rs-darwin-arm64": "1.2.6",
        "@yuuang/ffi-rs-darwin-x64": "1.2.6",
        "@yuuang/ffi-rs-linux-arm-gnueabihf": "1.2.6",
        "@yuuang/ffi-rs-linux-arm64-gnu": "1.2.6",
        "@yuuang/ffi-rs-linux-arm64-musl": "1.2.6",
        "@yuuang/ffi-rs-linux-x64-gnu": "1.2.6",
        "@yuuang/ffi-rs-linux-x64-musl": "1.2.6",
        "@yuuang/ffi-rs-win32-arm64-msvc": "1.2.6",
        "@yuuang/ffi-rs-win32-ia32-msvc": "1.2.6",
        "@yuuang/ffi-rs-win32-x64-msvc": "1.2.6"
      }
    },
    "node_modules/ws": {
      "version": "8.11.0",
      "resolved": "https://registry.npmjs.org/ws/-/ws-8.11.0.tgz",
      "integrity": "sha512-HPG3wQd9sNQoT9xHyNCXoDUa+Xw/VevmY9FoHyQ+g+rrMn4j6FB4np7Z0OhdTgjx6MgQLK7jwSy1YecU1+4Asg==",
      "engines": {
        "node": ">=10.0.0"
      },
      "peerDependencies": {
        "bufferutil": "^4.0.1",
        "utf-8-validate": "^5.0.2"
      },
      "peerDependenciesMeta": {
        "bufferutil": {
          "optional": true
        },
        "utf-8-validate": {
          "optional": true
        }
      }
    }
  }
}
